
Microsoft Visual Studio Solution File, Format Version 12.00
# Visual Studio Version 17
VisualStudioVersion = 17.11.35219.272
MinimumVisualStudioVersion = 10.0.40219.1
Project("{FAE04EC0-301F-11D3-BF4B-00C04F79EFBC}") = "Clinic System.PLL", "Clinic System.PLL\Clinic System.PLL.csproj", "{5A666EE2-8849-4B0B-9D0F-4CCD79886FCE}"
EndProject
Project("{FAE04EC0-301F-11D3-BF4B-00C04F79EFBC}") = "Clinic System.BLL", "Clinic System.BLL\Clinic System.BLL.csproj", "{711A6785-7025-4B23-B5CE-DA874A3C9FB5}"
EndProject
Project("{FAE04EC0-301F-11D3-BF4B-00C04F79EFBC}") = "Clinic System.DAL", "Clinic System.DAL\Clinic System.DAL.csproj", "{D2007858-7E4A-4AC3-8084-9430E3900BD8}"
EndProject
Global
	GlobalSection(SolutionConfigurationPlatforms) = preSolution
		Debug|Any CPU = Debug|Any CPU
		Release|Any CPU = Release|Any CPU
	EndGlobalSection
	GlobalSection(ProjectConfigurationPlatforms) = postSolution
		{5A666EE2-8849-4B0B-9D0F-4CCD79886FCE}.Debug|Any CPU.ActiveCfg = Debug|Any CPU
		{5A666EE2-8849-4B0B-9D0F-4CCD79886FCE}.Debug|Any CPU.Build.0 = Debug|Any CPU
		{5A666EE2-8849-4B0B-9D0F-4CCD79886FCE}.Release|Any CPU.ActiveCfg = Release|Any CPU
		{5A666EE2-8849-4B0B-9D0F-4CCD79886FCE}.Release|Any CPU.Build.0 = Release|Any CPU
		{711A6785-7025-4B23-B5CE-DA874A3C9FB5}.Debug|Any CPU.ActiveCfg = Debug|Any CPU
		{711A6785-7025-4B23-B5CE-DA874A3C9FB5}.Debug|Any CPU.Build.0 = Debug|Any CPU
		{711A6785-7025-4B23-B5CE-DA874A3C9FB5}.Release|Any CPU.ActiveCfg = Release|Any CPU
		{711A6785-7025-4B23-B5CE-DA874A3C9FB5}.Release|Any CPU.Build.0 = Release|Any CPU
		{D2007858-7E4A-4AC3-8084-9430E3900BD8}.Debug|Any CPU.ActiveCfg = Debug|Any CPU
		{D2007858-7E4A-4AC3-8084-9430E3900BD8}.Debug|Any CPU.Build.0 = Debug|Any CPU
		{D2007858-7E4A-4AC3-8084-9430E3900BD8}.Release|Any CPU.ActiveCfg = Release|Any CPU
		{D2007858-7E4A-4AC3-8084-9430E3900BD8}.Release|Any CPU.Build.0 = Release|Any CPU
	EndGlobalSection
	GlobalSection(SolutionProperties) = preSolution
		HideSolutionNode = FALSE
	EndGlobalSection
	GlobalSection(ExtensibilityGlobals) = postSolution
		SolutionGuid = {1CE60172-1CAD-4502-B4B2-6687A42321F2}
	EndGlobalSection
EndGlobal
